
Microsoft Visual Studio Solution File, Format Version 12.00
# Visual Studio Version 17
VisualStudioVersion = 17.0.31903.59
MinimumVisualStudioVersion = 10.0.40219.1
Project("{FAE04EC0-301F-11D3-BF4B-00C04F79EFBC}") = "ProLang", "ProLang\ProLang.csproj", "{7E3099C1-C5AA-4421-93FC-87F430115052}"
EndProject
Project("{FAE04EC0-301F-11D3-BF4B-00C04F79EFBC}") = "ProLang.Benchmarks", "ProLang.Benchmarks\ProLang.Benchmarks.csproj", "{01699716-323D-4336-A1E7-EA9CDF96D4D7}"
EndProject
Project("{FAE04EC0-301F-11D3-BF4B-00C04F79EFBC}") = "ProLang.Tests", "ProLang.Tests\ProLang.Tests.csproj", "{18502580-DA18-402A-8FEC-0FA44BC03960}"
EndProject
Project("{FAE04EC0-301F-11D3-BF4B-00C04F79EFBC}") = "ProLang.Runtime", "ProLang.Runtime\ProLang.Runtime.csproj", "{1C4ED5BD-77B1-4E6C-BEBB-3333FF237EAD}"
EndProject
Project("{FAE04EC0-301F-11D3-BF4B-00C04F79EFBC}") = "WinFormsHelper.Tests", "WinFormsHelper.Tests\WinFormsHelper.Tests.csproj", "{1D803E5D-9649-48C8-9451-CD6ABBD138AB}"
EndProject
Project("{FAE04EC0-301F-11D3-BF4B-00C04F79EFBC}") = "WinFormsHelper", "..\std\WinFormsHelper\WinFormsHelper.csproj", "{74B8A0C9-E560-4B9F-9109-0EB026F12DA4}"
EndProject
Global
	GlobalSection(SolutionConfigurationPlatforms) = preSolution
		Debug|Any CPU = Debug|Any CPU
		Debug|x64 = Debug|x64
		Debug|x86 = Debug|x86
		Release|Any CPU = Release|Any CPU
		Release|x64 = Release|x64
		Release|x86 = Release|x86
	EndGlobalSection
	GlobalSection(ProjectConfigurationPlatforms) = postSolution
		{7E3099C1-C5AA-4421-93FC-87F430115052}.Debug|Any CPU.ActiveCfg = Debug|Any CPU
		{7E3099C1-C5AA-4421-93FC-87F430115052}.Debug|Any CPU.Build.0 = Debug|Any CPU
		{7E3099C1-C5AA-4421-93FC-87F430115052}.Debug|x64.ActiveCfg = Debug|Any CPU
		{7E3099C1-C5AA-4421-93FC-87F430115052}.Debug|x64.Build.0 = Debug|Any CPU
		{7E3099C1-C5AA-4421-93FC-87F430115052}.Debug|x86.ActiveCfg = Debug|Any CPU
		{7E3099C1-C5AA-4421-93FC-87F430115052}.Debug|x86.Build.0 = Debug|Any CPU
		{7E3099C1-C5AA-4421-93FC-87F430115052}.Release|Any CPU.ActiveCfg = Release|Any CPU
		{7E3099C1-C5AA-4421-93FC-87F430115052}.Release|Any CPU.Build.0 = Release|Any CPU
		{7E3099C1-C5AA-4421-93FC-87F430115052}.Release|x64.ActiveCfg = Release|Any CPU
		{7E3099C1-C5AA-4421-93FC-87F430115052}.Release|x64.Build.0 = Release|Any CPU
		{7E3099C1-C5AA-4421-93FC-87F430115052}.Release|x86.ActiveCfg = Release|Any CPU
		{7E3099C1-C5AA-4421-93FC-87F430115052}.Release|x86.Build.0 = Release|Any CPU
		{01699716-323D-4336-A1E7-EA9CDF96D4D7}.Debug|x64.ActiveCfg = Debug|Any CPU
		{01699716-323D-4336-A1E7-EA9CDF96D4D7}.Debug|x64.Build.0 = Debug|Any CPU
		{01699716-323D-4336-A1E7-EA9CDF96D4D7}.Debug|x86.ActiveCfg = Debug|Any CPU
		{01699716-323D-4336-A1E7-EA9CDF96D4D7}.Debug|x86.Build.0 = Debug|Any CPU
		{01699716-323D-4336-A1E7-EA9CDF96D4D7}.Release|x64.ActiveCfg = Release|Any CPU
		{01699716-323D-4336-A1E7-EA9CDF96D4D7}.Release|x64.Build.0 = Release|Any CPU
		{01699716-323D-4336-A1E7-EA9CDF96D4D7}.Release|x86.ActiveCfg = Release|Any CPU
		{01699716-323D-4336-A1E7-EA9CDF96D4D7}.Release|x86.Build.0 = Release|Any CPU
		{18502580-DA18-402A-8FEC-0FA44BC03960}.Debug|Any CPU.ActiveCfg = Debug|Any CPU
		{18502580-DA18-402A-8FEC-0FA44BC03960}.Debug|Any CPU.Build.0 = Debug|Any CPU
		{18502580-DA18-402A-8FEC-0FA44BC03960}.Debug|x64.ActiveCfg = Debug|Any CPU
		{18502580-DA18-402A-8FEC-0FA44BC03960}.Debug|x64.Build.0 = Debug|Any CPU
		{18502580-DA18-402A-8FEC-0FA44BC03960}.Debug|x86.ActiveCfg = Debug|Any CPU
		{18502580-DA18-402A-8FEC-0FA44BC03960}.Debug|x86.Build.0 = Debug|Any CPU
		{18502580-DA18-402A-8FEC-0FA44BC03960}.Release|Any CPU.ActiveCfg = Release|Any CPU
		{18502580-DA18-402A-8FEC-0FA44BC03960}.Release|Any CPU.Build.0 = Release|Any CPU
		{18502580-DA18-402A-8FEC-0FA44BC03960}.Release|x64.ActiveCfg = Release|Any CPU
		{18502580-DA18-402A-8FEC-0FA44BC03960}.Release|x64.Build.0 = Release|Any CPU
		{18502580-DA18-402A-8FEC-0FA44BC03960}.Release|x86.ActiveCfg = Release|Any CPU
		{18502580-DA18-402A-8FEC-0FA44BC03960}.Release|x86.Build.0 = Release|Any CPU
		{1C4ED5BD-77B1-4E6C-BEBB-3333FF237EAD}.Debug|Any CPU.ActiveCfg = Debug|Any CPU
		{1C4ED5BD-77B1-4E6C-BEBB-3333FF237EAD}.Debug|Any CPU.Build.0 = Debug|Any CPU
		{1C4ED5BD-77B1-4E6C-BEBB-3333FF237EAD}.Debug|x64.ActiveCfg = Debug|Any CPU
		{1C4ED5BD-77B1-4E6C-BEBB-3333FF237EAD}.Debug|x64.Build.0 = Debug|Any CPU
		{1C4ED5BD-77B1-4E6C-BEBB-3333FF237EAD}.Debug|x86.ActiveCfg = Debug|Any CPU
		{1C4ED5BD-77B1-4E6C-BEBB-3333FF237EAD}.Debug|x86.Build.0 = Debug|Any CPU
		{1C4ED5BD-77B1-4E6C-BEBB-3333FF237EAD}.Release|Any CPU.ActiveCfg = Release|Any CPU
		{1C4ED5BD-77B1-4E6C-BEBB-3333FF237EAD}.Release|Any CPU.Build.0 = Release|Any CPU
		{1C4ED5BD-77B1-4E6C-BEBB-3333FF237EAD}.Release|x64.ActiveCfg = Release|Any CPU
		{1C4ED5BD-77B1-4E6C-BEBB-3333FF237EAD}.Release|x64.Build.0 = Release|Any CPU
		{1C4ED5BD-77B1-4E6C-BEBB-3333FF237EAD}.Release|x86.ActiveCfg = Release|Any CPU
		{1C4ED5BD-77B1-4E6C-BEBB-3333FF237EAD}.Release|x86.Build.0 = Release|Any CPU
		{1D803E5D-9649-48C8-9451-CD6ABBD138AB}.Debug|Any CPU.ActiveCfg = Debug|Any CPU
		{1D803E5D-9649-48C8-9451-CD6ABBD138AB}.Debug|Any CPU.Build.0 = Debug|Any CPU
		{1D803E5D-9649-48C8-9451-CD6ABBD138AB}.Debug|x64.ActiveCfg = Debug|Any CPU
		{1D803E5D-9649-48C8-9451-CD6ABBD138AB}.Debug|x64.Build.0 = Debug|Any CPU
		{1D803E5D-9649-48C8-9451-CD6ABBD138AB}.Debug|x86.ActiveCfg = Debug|Any CPU
		{1D803E5D-9649-48C8-9451-CD6ABBD138AB}.Debug|x86.Build.0 = Debug|Any CPU
		{1D803E5D-9649-48C8-9451-CD6ABBD138AB}.Release|Any CPU.ActiveCfg = Release|Any CPU
		{1D803E5D-9649-48C8-9451-CD6ABBD138AB}.Release|Any CPU.Build.0 = Release|Any CPU
		{1D803E5D-9649-48C8-9451-CD6ABBD138AB}.Release|x64.ActiveCfg = Release|Any CPU
		{1D803E5D-9649-48C8-9451-CD6ABBD138AB}.Release|x64.Build.0 = Release|Any CPU
		{1D803E5D-9649-48C8-9451-CD6ABBD138AB}.Release|x86.ActiveCfg = Release|Any CPU
		{1D803E5D-9649-48C8-9451-CD6ABBD138AB}.Release|x86.Build.0 = Release|Any CPU
		{74B8A0C9-E560-4B9F-9109-0EB026F12DA4}.Debug|Any CPU.ActiveCfg = Debug|Any CPU
		{74B8A0C9-E560-4B9F-9109-0EB026F12DA4}.Debug|Any CPU.Build.0 = Debug|Any CPU
		{74B8A0C9-E560-4B9F-9109-0EB026F12DA4}.Debug|x64.ActiveCfg = Debug|Any CPU
		{74B8A0C9-E560-4B9F-9109-0EB026F12DA4}.Debug|x64.Build.0 = Debug|Any CPU
		{74B8A0C9-E560-4B9F-9109-0EB026F12DA4}.Debug|x86.ActiveCfg = Debug|Any CPU
		{74B8A0C9-E560-4B9F-9109-0EB026F12DA4}.Debug|x86.Build.0 = Debug|Any CPU
		{74B8A0C9-E560-4B9F-9109-0EB026F12DA4}.Release|Any CPU.ActiveCfg = Release|Any CPU
		{74B8A0C9-E560-4B9F-9109-0EB026F12DA4}.Release|Any CPU.Build.0 = Release|Any CPU
		{74B8A0C9-E560-4B9F-9109-0EB026F12DA4}.Release|x64.ActiveCfg = Release|Any CPU
		{74B8A0C9-E560-4B9F-9109-0EB026F12DA4}.Release|x64.Build.0 = Release|Any CPU
		{74B8A0C9-E560-4B9F-9109-0EB026F12DA4}.Release|x86.ActiveCfg = Release|Any CPU
		{74B8A0C9-E560-4B9F-9109-0EB026F12DA4}.Release|x86.Build.0 = Release|Any CPU
	EndGlobalSection
	GlobalSection(SolutionProperties) = preSolution
		HideSolutionNode = FALSE
	EndGlobalSection
EndGlobal
